
Microsoft Visual Studio Solution File, Format Version 12.00
# Visual Studio Version 16
VisualStudioVersion = 16.0.30523.141
MinimumVisualStudioVersion = 10.0.40219.1
Project("{FAE04EC0-301F-11D3-BF4B-00C04F79EFBC}") = "Prtestare", "Prtestare.csproj", "{D4714320-0D39-40EC-8578-A050AECD2300}"
EndProject
Global
	GlobalSection(SolutionConfigurationPlatforms) = preSolution
		Debug|Any CPU = Debug|Any CPU
		Release|Any CPU = Release|Any CPU
	EndGlobalSection
	GlobalSection(ProjectConfigurationPlatforms) = postSolution
		{D4714320-0D39-40EC-8578-A050AECD2300}.Debug|Any CPU.ActiveCfg = Debug|Any CPU
		{D4714320-0D39-40EC-8578-A050AECD2300}.Debug|Any CPU.Build.0 = Debug|Any CPU
		{D4714320-0D39-40EC-8578-A050AECD2300}.Release|Any CPU.ActiveCfg = Release|Any CPU
		{D4714320-0D39-40EC-8578-A050AECD2300}.Release|Any CPU.Build.0 = Release|Any CPU
	EndGlobalSection
	GlobalSection(SolutionProperties) = preSolution
		HideSolutionNode = FALSE
	EndGlobalSection
	GlobalSection(ExtensibilityGlobals) = postSolution
		SolutionGuid = {BFA67374-4314-4AFD-BEE0-108C6D0190AF}
	EndGlobalSection
EndGlobal
